
Microsoft Visual Studio Solution File, Format Version 12.00
# Visual Studio Version 17
VisualStudioVersion = 17.11.35327.3
MinimumVisualStudioVersion = 10.0.40219.1
Project("{2150E333-8FDC-42A3-9474-1A3956D46DE8}") = "gateway-api", "gateway-api", "{58B458B0-E255-4589-ACB8-681376AD1023}"
EndProject
Project("{2150E333-8FDC-42A3-9474-1A3956D46DE8}") = "shared", "shared", "{FFFF1E12-313C-4AD1-8141-EF8C66205F8A}"
EndProject
Project("{2150E333-8FDC-42A3-9474-1A3956D46DE8}") = "services", "services", "{44F09FEA-E057-452B-B9FB-6493A3E9E2AC}"
EndProject
Project("{2150E333-8FDC-42A3-9474-1A3956D46DE8}") = "frontend", "frontend", "{4F76E0B6-15CC-4AAA-AD71-BC9AEE702EFF}"
EndProject
Project("{2150E333-8FDC-42A3-9474-1A3956D46DE8}") = "TripService", "TripService", "{7BD39ADD-EE1F-46B4-9FC9-7FD92204C274}"
EndProject
Project("{2150E333-8FDC-42A3-9474-1A3956D46DE8}") = "WeatherService", "WeatherService", "{A17A4F0C-4D46-48E6-A50E-39C86CB843C7}"
EndProject
Project("{2150E333-8FDC-42A3-9474-1A3956D46DE8}") = "AiService", "AiService", "{049E8E53-2EA0-4C2C-A1B8-FB0395AE6632}"
EndProject
Project("{2150E333-8FDC-42A3-9474-1A3956D46DE8}") = "OutfitService", "OutfitService", "{F03E7F2E-22DC-40C0-AFAE-A6AEE5D3EBD8}"
EndProject
Project("{2150E333-8FDC-42A3-9474-1A3956D46DE8}") = "UserService", "UserService", "{1C739B29-E878-4129-BFBC-D6AB7AEAAA87}"
EndProject
Project("{2150E333-8FDC-42A3-9474-1A3956D46DE8}") = "PackingService", "PackingService", "{F95E3DDB-92C4-4B6B-BF63-8CE9F33A2A09}"
EndProject
Global
	GlobalSection(SolutionProperties) = preSolution
		HideSolutionNode = FALSE
	EndGlobalSection
	GlobalSection(NestedProjects) = preSolution
		{7BD39ADD-EE1F-46B4-9FC9-7FD92204C274} = {44F09FEA-E057-452B-B9FB-6493A3E9E2AC}
		{A17A4F0C-4D46-48E6-A50E-39C86CB843C7} = {44F09FEA-E057-452B-B9FB-6493A3E9E2AC}
		{049E8E53-2EA0-4C2C-A1B8-FB0395AE6632} = {44F09FEA-E057-452B-B9FB-6493A3E9E2AC}
		{F03E7F2E-22DC-40C0-AFAE-A6AEE5D3EBD8} = {44F09FEA-E057-452B-B9FB-6493A3E9E2AC}
		{1C739B29-E878-4129-BFBC-D6AB7AEAAA87} = {44F09FEA-E057-452B-B9FB-6493A3E9E2AC}
		{F95E3DDB-92C4-4B6B-BF63-8CE9F33A2A09} = {44F09FEA-E057-452B-B9FB-6493A3E9E2AC}
	EndGlobalSection
	GlobalSection(ExtensibilityGlobals) = postSolution
		SolutionGuid = {E9271483-96AD-4A46-8E0C-792AE97A4C3C}
	EndGlobalSection
EndGlobal
